{
    "name": "js-framework-benchmark-angular-g3",
    "version": "1.0.0",
    "lockfileVersion": 2,
    "requires": true,
    "packages": {
      "": {
        "name": "js-framework-benchmark-angular-g3",
        "version": "1.0.0",
        "license": ""
      }
    },
    "dependencies": {
    }
  }